
Microsoft Visual Studio Solution File, Format Version 12.00
# Visual Studio Version 17
VisualStudioVersion = 17.3.32901.215
MinimumVisualStudioVersion = 10.0.40219.1
Project("{FAE04EC0-301F-11D3-BF4B-00C04F79EFBC}") = "Arithmetic", "Lab.1.2s\Arithmetic.csproj", "{BC133A3B-C816-4F96-8841-B87BD731A497}"
EndProject
Project("{FAE04EC0-301F-11D3-BF4B-00C04F79EFBC}") = "AnonymousDel", "Anonymous method\AnonymousDel.csproj", "{6304EA73-3CF5-45BD-90D1-7E84C86F052A}"
EndProject
Project("{FAE04EC0-301F-11D3-BF4B-00C04F79EFBC}") = "Twodel", "Twodel\Twodel.csproj", "{519DF45C-56DA-4AFF-BFE8-EEAEC9FA6809}"
EndProject
Global
	GlobalSection(SolutionConfigurationPlatforms) = preSolution
		Debug|Any CPU = Debug|Any CPU
		Release|Any CPU = Release|Any CPU
	EndGlobalSection
	GlobalSection(ProjectConfigurationPlatforms) = postSolution
		{BC133A3B-C816-4F96-8841-B87BD731A497}.Debug|Any CPU.ActiveCfg = Debug|Any CPU
		{BC133A3B-C816-4F96-8841-B87BD731A497}.Debug|Any CPU.Build.0 = Debug|Any CPU
		{BC133A3B-C816-4F96-8841-B87BD731A497}.Release|Any CPU.ActiveCfg = Release|Any CPU
		{BC133A3B-C816-4F96-8841-B87BD731A497}.Release|Any CPU.Build.0 = Release|Any CPU
		{6304EA73-3CF5-45BD-90D1-7E84C86F052A}.Debug|Any CPU.ActiveCfg = Debug|Any CPU
		{6304EA73-3CF5-45BD-90D1-7E84C86F052A}.Debug|Any CPU.Build.0 = Debug|Any CPU
		{6304EA73-3CF5-45BD-90D1-7E84C86F052A}.Release|Any CPU.ActiveCfg = Release|Any CPU
		{6304EA73-3CF5-45BD-90D1-7E84C86F052A}.Release|Any CPU.Build.0 = Release|Any CPU
		{519DF45C-56DA-4AFF-BFE8-EEAEC9FA6809}.Debug|Any CPU.ActiveCfg = Debug|Any CPU
		{519DF45C-56DA-4AFF-BFE8-EEAEC9FA6809}.Debug|Any CPU.Build.0 = Debug|Any CPU
		{519DF45C-56DA-4AFF-BFE8-EEAEC9FA6809}.Release|Any CPU.ActiveCfg = Release|Any CPU
		{519DF45C-56DA-4AFF-BFE8-EEAEC9FA6809}.Release|Any CPU.Build.0 = Release|Any CPU
	EndGlobalSection
	GlobalSection(SolutionProperties) = preSolution
		HideSolutionNode = FALSE
	EndGlobalSection
	GlobalSection(ExtensibilityGlobals) = postSolution
		SolutionGuid = {32E81050-7BE6-4ECD-B9DA-4DBB60E83ED3}
	EndGlobalSection
EndGlobal
